github.com/codegangsta/inject v0.0.0-20150114235600-33e0aa1cb7c0 h1:sDMmm+q/3+BukdIpxwO365v/Rbspp2Nt5XntgQRXq8Q=
github.com/codegangsta/inject v0.0.0-20150114235600-33e0aa1cb7c0/go.mod h1:4Zcjuz89kmFXt9morQgcfYZAYZ5n8WHjt81YYWIwtTM=
github.com/go-martini/martini v0.0.0-20170121215854-22fa46961aab h1:xveKWz2iaueeTaUgdetzel+U7exyigDYBryyVfV/rZk=
github.com/go-martini/martini v0.0.0-20170121215854-22fa46961aab/go.mod h1:/P9AEU963A2AYjv4d1V5eVL1CQbEJq6aCNHDDjibzu8=
github.com/martini-contrib/cors v0.0.0-20141016003011-553b9208d353 h1:kXDXsKbuZYwJXBVeLT49PwPvAfQg74/8mOZUqrfV3cg=
github.com/martini-contrib/cors v0.0.0-20141016003011-553b9208d353/go.mod h1:ZQqqR+M04limsCsRirtK4IAN2ioLKKNxhvl7f0U40yw=
